# This file is automatically @generated by Cargo.
# It is not intended for manual editing.
version = 3

[[package]]
name = "http-api"
version = "0.1.0"

[[package]]
name = "lib-auth"
version = "0.1.0"

[[package]]
name = "lib-core"
version = "0.1.0"

[[package]]
name = "lib-discord-oauth"
version = "0.1.0"

[[package]]
name = "lib-media"
version = "0.1.0"

[[package]]
name = "lib-storage"
version = "0.1.0"
